// !$*UTF8*$!
{
	archiveVersion = 1;
	classes = {
	};
	objectVersion = 46;
	objects = {

/* Begin PBXBuildFile section */
		C468AC681CACC3E700794324 /* main.m in Sources */ = {isa = PBXBuildFile; fileRef = C468AC671CACC3E700794324 /* main.m */; };
		C468AC6B1CACC3E700794324 /* AppDelegate.m in Sources */ = {isa = PBXBuildFile; fileRef = C468AC6A1CACC3E700794324 /* AppDelegate.m */; };
		C468AC6E1CACC3E700794324 /* ViewController.m in Sources */ = {isa = PBXBuildFile; fileRef = C468AC6D1CACC3E700794324 /* ViewController.m */; };
		C468AC711CACC3E700794324 /* Main.storyboard in Resources */ = {isa = PBXBuildFile; fileRef = C468AC6F1CACC3E700794324 /* Main.storyboard */; };
		C468AC731CACC3E700794324 /* Assets.xcassets in Resources */ = {isa = PBXBuildFile; fileRef = C468AC721CACC3E700794324 /* Assets.xcassets */; };
		C4FFE40D1CACD55A0070F326 /* MainCollectionViewController.m in Sources */ = {isa = PBXBuildFile; fileRef = C4FFE40C1CACD55A0070F326 /* MainCollectionViewController.m */; };
		C4FFE4111CACDA980070F326 /* CollectionViewCell.m in Sources */ = {isa = PBXBuildFile; fileRef = C4FFE4101CACDA980070F326 /* CollectionViewCell.m */; };
		C4FFE4161CAD28470070F326 /* WebViewController.m in Sources */ = {isa = PBXBuildFile; fileRef = C4FFE4141CAD28470070F326 /* WebViewController.m */; };
		C4FFE4171CAD28470070F326 /* WebViewController.xib in Resources */ = {isa = PBXBuildFile; fileRef = C4FFE4151CAD28470070F326 /* WebViewController.xib */; };
		C4FFE4281CAE2A040070F326 /* backbutton.png in Resources */ = {isa = PBXBuildFile; fileRef = C4FFE4221CAE2A040070F326 /* backbutton.png */; };
		C4FFE4291CAE2A040070F326 /* backbutton@2x.png in Resources */ = {isa = PBXBuildFile; fileRef = C4FFE4231CAE2A040070F326 /* backbutton@2x.png */; };
		C4FFE42A1CAE2A040070F326 /* backbutton@3x.png in Resources */ = {isa = PBXBuildFile; fileRef = C4FFE4241CAE2A040070F326 /* backbutton@3x.png */; };
		C4FFE42B1CAE2A040070F326 /* forwardbutton.png in Resources */ = {isa = PBXBuildFile; fileRef = C4FFE4251CAE2A040070F326 /* forwardbutton.png */; };
		C4FFE42C1CAE2A040070F326 /* forwardbutton@2x.png in Resources */ = {isa = PBXBuildFile; fileRef = C4FFE4261CAE2A040070F326 /* forwardbutton@2x.png */; };
		C4FFE42D1CAE2A040070F326 /* forwardbutton@3x.png in Resources */ = {isa = PBXBuildFile; fileRef = C4FFE4271CAE2A040070F326 /* forwardbutton@3x.png */; };
/* End PBXBuildFile section */

/* Begin PBXFileReference section */
		C468AC631CACC3E700794324 /* WebBrowser.app */ = {isa = PBXFileReference; explicitFileType = wrapper.application; includeInIndex = 0; path = WebBrowser.app; sourceTree = BUILT_PRODUCTS_DIR; };
		C468AC671CACC3E700794324 /* main.m */ = {isa = PBXFileReference; lastKnownFileType = sourcecode.c.objc; path = main.m; sourceTree = "<group>"; };
		C468AC691CACC3E700794324 /* AppDelegate.h */ = {isa = PBXFileReference; lastKnownFileType = sourcecode.c.h; path = AppDelegate.h; sourceTree = "<group>"; };
		C468AC6A1CACC3E700794324 /* AppDelegate.m */ = {isa = PBXFileReference; lastKnownFileType = sourcecode.c.objc; path = AppDelegate.m; sourceTree = "<group>"; };
		C468AC6C1CACC3E700794324 /* ViewController.h */ = {isa = PBXFileReference; lastKnownFileType = sourcecode.c.h; path = ViewController.h; sourceTree = "<group>"; };
		C468AC6D1CACC3E700794324 /* ViewController.m */ = {isa = PBXFileReference; lastKnownFileType = sourcecode.c.objc; path = ViewController.m; sourceTree = "<group>"; };
		C468AC701CACC3E700794324 /* Base */ = {isa = PBXFileReference; lastKnownFileType = file.storyboard; name = Base; path = Base.lproj/Main.storyboard; sourceTree = "<group>"; };
		C468AC721CACC3E700794324 /* Assets.xcassets */ = {isa = PBXFileReference; lastKnownFileType = folder.assetcatalog; path = Assets.xcassets; sourceTree = "<group>"; };
		C468AC771CACC3E700794324 /* Info.plist */ = {isa = PBXFileReference; lastKnownFileType = text.plist.xml; path = Info.plist; sourceTree = "<group>"; };
		C4FFE40B1CACD55A0070F326 /* MainCollectionViewController.h */ = {isa = PBXFileReference; fileEncoding = 4; lastKnownFileType = sourcecode.c.h; path = MainCollectionViewController.h; sourceTree = "<group>"; };
		C4FFE40C1CACD55A0070F326 /* MainCollectionViewController.m */ = {isa = PBXFileReference; fileEncoding = 4; lastKnownFileType = sourcecode.c.objc; path = MainCollectionViewController.m; sourceTree = "<group>"; };
		C4FFE40F1CACDA980070F326 /* CollectionViewCell.h */ = {isa = PBXFileReference; fileEncoding = 4; lastKnownFileType = sourcecode.c.h; path = CollectionViewCell.h; sourceTree = "<group>"; };
		C4FFE4101CACDA980070F326 /* CollectionViewCell.m */ = {isa = PBXFileReference; fileEncoding = 4; lastKnownFileType = sourcecode.c.objc; path = CollectionViewCell.m; sourceTree = "<group>"; };
		C4FFE4131CAD28470070F326 /* WebViewController.h */ = {isa = PBXFileReference; fileEncoding = 4; lastKnownFileType = sourcecode.c.h; path = WebViewController.h; sourceTree = "<group>"; };
		C4FFE4141CAD28470070F326 /* WebViewController.m */ = {isa = PBXFileReference; fileEncoding = 4; lastKnownFileType = sourcecode.c.objc; path = WebViewController.m; sourceTree = "<group>"; };
		C4FFE4151CAD28470070F326 /* WebViewController.xib */ = {isa = PBXFileReference; fileEncoding = 4; lastKnownFileType = file.xib; path = WebViewController.xib; sourceTree = "<group>"; };
		C4FFE4221CAE2A040070F326 /* backbutton.png */ = {isa = PBXFileReference; lastKnownFileType = image.png; path = backbutton.png; sourceTree = "<group>"; };
		C4FFE4231CAE2A040070F326 /* backbutton@2x.png */ = {isa = PBXFileReference; lastKnownFileType = image.png; path = "backbutton@2x.png"; sourceTree = "<group>"; };
		C4FFE4241CAE2A040070F326 /* backbutton@3x.png */ = {isa = PBXFileReference; lastKnownFileType = image.png; path = "backbutton@3x.png"; sourceTree = "<group>"; };
		C4FFE4251CAE2A040070F326 /* forwardbutton.png */ = {isa = PBXFileReference; lastKnownFileType = image.png; path = forwardbutton.png; sourceTree = "<group>"; };
		C4FFE4261CAE2A040070F326 /* forwardbutton@2x.png */ = {isa = PBXFileReference; lastKnownFileType = image.png; path = "forwardbutton@2x.png"; sourceTree = "<group>"; };
		C4FFE4271CAE2A040070F326 /* forwardbutton@3x.png */ = {isa = PBXFileReference; lastKnownFileType = image.png; path = "forwardbutton@3x.png"; sourceTree = "<group>"; };
/* End PBXFileReference section */

/* Begin PBXFrameworksBuildPhase section */
		C468AC601CACC3E700794324 /* Frameworks */ = {
			isa = PBXFrameworksBuildPhase;
			buildActionMask = 2147483647;
			files = (
			);
			runOnlyForDeploymentPostprocessing = 0;
		};
/* End PBXFrameworksBuildPhase section */

/* Begin PBXGroup section */
		C468AC5A1CACC3E700794324 = {
			isa = PBXGroup;
			children = (
				C468AC651CACC3E700794324 /* WebBrowser */,
				C468AC641CACC3E700794324 /* Products */,
			);
			sourceTree = "<group>";
		};
		C468AC641CACC3E700794324 /* Products */ = {
			isa = PBXGroup;
			children = (
				C468AC631CACC3E700794324 /* WebBrowser.app */,
			);
			name = Products;
			sourceTree = "<group>";
		};
		C468AC651CACC3E700794324 /* WebBrowser */ = {
			isa = PBXGroup;
			children = (
				C4FFE4121CAD28360070F326 /* WebView */,
				C4FFE40E1CACDA870070F326 /* CollectionCell */,
				C468AC691CACC3E700794324 /* AppDelegate.h */,
				C468AC6A1CACC3E700794324 /* AppDelegate.m */,
				C468AC6C1CACC3E700794324 /* ViewController.h */,
				C468AC6D1CACC3E700794324 /* ViewController.m */,
				C4FFE40B1CACD55A0070F326 /* MainCollectionViewController.h */,
				C4FFE40C1CACD55A0070F326 /* MainCollectionViewController.m */,
				C468AC6F1CACC3E700794324 /* Main.storyboard */,
				C468AC721CACC3E700794324 /* Assets.xcassets */,
				C4FFE42E1CAE57080070F326 /* Resources */,
				C468AC771CACC3E700794324 /* Info.plist */,
				C468AC661CACC3E700794324 /* Supporting Files */,
			);
			path = WebBrowser;
			sourceTree = "<group>";
		};
		C468AC661CACC3E700794324 /* Supporting Files */ = {
			isa = PBXGroup;
			children = (
				C468AC671CACC3E700794324 /* main.m */,
			);
			name = "Supporting Files";
			sourceTree = "<group>";
		};
		C4FFE40E1CACDA870070F326 /* CollectionCell */ = {
			isa = PBXGroup;
			children = (
				C4FFE40F1CACDA980070F326 /* CollectionViewCell.h */,
				C4FFE4101CACDA980070F326 /* CollectionViewCell.m */,
			);
			name = CollectionCell;
			sourceTree = "<group>";
		};
		C4FFE4121CAD28360070F326 /* WebView */ = {
			isa = PBXGroup;
			children = (
				C4FFE4221CAE2A040070F326 /* backbutton.png */,
				C4FFE4231CAE2A040070F326 /* backbutton@2x.png */,
				C4FFE4241CAE2A040070F326 /* backbutton@3x.png */,
				C4FFE4251CAE2A040070F326 /* forwardbutton.png */,
				C4FFE4261CAE2A040070F326 /* forwardbutton@2x.png */,
				C4FFE4271CAE2A040070F326 /* forwardbutton@3x.png */,
				C4FFE4131CAD28470070F326 /* WebViewController.h */,
				C4FFE4141CAD28470070F326 /* WebViewController.m */,
				C4FFE4151CAD28470070F326 /* WebViewController.xib */,
			);
			name = WebView;
			sourceTree = "<group>";
		};
		C4FFE42E1CAE57080070F326 /* Resources */ = {
			isa = PBXGroup;
			children = (
			);
			name = Resources;
			sourceTree = "<group>";
		};
/* End PBXGroup section */

/* Begin PBXNativeTarget section */
		C468AC621CACC3E700794324 /* WebBrowser */ = {
			isa = PBXNativeTarget;
			buildConfigurationList = C468AC7A1CACC3E700794324 /* Build configuration list for PBXNativeTarget "WebBrowser" */;
			buildPhases = (
				C468AC5F1CACC3E700794324 /* Sources */,
				C468AC601CACC3E700794324 /* Frameworks */,
				C468AC611CACC3E700794324 /* Resources */,
			);
			buildRules = (
			);
			dependencies = (
			);
			name = WebBrowser;
			productName = WebBrowser;
			productReference = C468AC631CACC3E700794324 /* WebBrowser.app */;
			productType = "com.apple.product-type.application";
		};
/* End PBXNativeTarget section */

/* Begin PBXProject section */
		C468AC5B1CACC3E700794324 /* Project object */ = {
			isa = PBXProject;
			attributes = {
				LastUpgradeCheck = 0720;
				ORGANIZATIONNAME = panelsen;
				TargetAttributes = {
					C468AC621CACC3E700794324 = {
						CreatedOnToolsVersion = 7.2.1;
					};
				};
			};
			buildConfigurationList = C468AC5E1CACC3E700794324 /* Build configuration list for PBXProject "WebBrowser" */;
			compatibilityVersion = "Xcode 3.2";
			developmentRegion = English;
			hasScannedForEncodings = 0;
			knownRegions = (
				en,
				Base,
			);
			mainGroup = C468AC5A1CACC3E700794324;
			productRefGroup = C468AC641CACC3E700794324 /* Products */;
			projectDirPath = "";
			projectRoot = "";
			targets = (
				C468AC621CACC3E700794324 /* WebBrowser */,
			);
		};
/* End PBXProject section */

/* Begin PBXResourcesBuildPhase section */
		C468AC611CACC3E700794324 /* Resources */ = {
			isa = PBXResourcesBuildPhase;
			buildActionMask = 2147483647;
			files = (
				C4FFE42D1CAE2A040070F326 /* forwardbutton@3x.png in Resources */,
				C4FFE42A1CAE2A040070F326 /* backbutton@3x.png in Resources */,
				C4FFE4171CAD28470070F326 /* WebViewController.xib in Resources */,
				C4FFE42C1CAE2A040070F326 /* forwardbutton@2x.png in Resources */,
				C4FFE4291CAE2A040070F326 /* backbutton@2x.png in Resources */,
				C468AC731CACC3E700794324 /* Assets.xcassets in Resources */,
				C4FFE42B1CAE2A040070F326 /* forwardbutton.png in Resources */,
				C4FFE4281CAE2A040070F326 /* backbutton.png in Resources */,
				C468AC711CACC3E700794324 /* Main.storyboard in Resources */,
			);
			runOnlyForDeploymentPostprocessing = 0;
		};
/* End PBXResourcesBuildPhase section */

/* Begin PBXSourcesBuildPhase section */
		C468AC5F1CACC3E700794324 /* Sources */ = {
			isa = PBXSourcesBuildPhase;
			buildActionMask = 2147483647;
			files = (
				C468AC6E1CACC3E700794324 /* ViewController.m in Sources */,
				C4FFE4161CAD28470070F326 /* WebViewController.m in Sources */,
				C4FFE4111CACDA980070F326 /* CollectionViewCell.m in Sources */,
				C4FFE40D1CACD55A0070F326 /* MainCollectionViewController.m in Sources */,
				C468AC6B1CACC3E700794324 /* AppDelegate.m in Sources */,
				C468AC681CACC3E700794324 /* main.m in Sources */,
			);
			runOnlyForDeploymentPostprocessing = 0;
		};
/* End PBXSourcesBuildPhase section */

/* Begin PBXVariantGroup section */
		C468AC6F1CACC3E700794324 /* Main.storyboard */ = {
			isa = PBXVariantGroup;
			children = (
				C468AC701CACC3E700794324 /* Base */,
			);
			name = Main.storyboard;
			sourceTree = "<group>";
		};
/* End PBXVariantGroup section */

/* Begin XCBuildConfiguration section */
		C468AC781CACC3E700794324 /* Debug */ = {
			isa = XCBuildConfiguration;
			buildSettings = {
				ALWAYS_SEARCH_USER_PATHS = NO;
				CLANG_CXX_LANGUAGE_STANDARD = "gnu++0x";
				CLANG_CXX_LIBRARY = "libc++";
				CLANG_ENABLE_MODULES = YES;
				CLANG_ENABLE_OBJC_ARC = YES;
				CLANG_WARN_BOOL_CONVERSION = YES;
				CLANG_WARN_CONSTANT_CONVERSION = YES;
				CLANG_WARN_DIRECT_OBJC_ISA_USAGE = YES_ERROR;
				CLANG_WARN_EMPTY_BODY = YES;
				CLANG_WARN_ENUM_CONVERSION = YES;
				CLANG_WARN_INT_CONVERSION = YES;
				CLANG_WARN_OBJC_ROOT_CLASS = YES_ERROR;
				CLANG_WARN_UNREACHABLE_CODE = YES;
				CLANG_WARN__DUPLICATE_METHOD_MATCH = YES;
				"CODE_SIGN_IDENTITY[sdk=iphoneos*]" = "iPhone Developer";
				COPY_PHASE_STRIP = NO;
				DEBUG_INFORMATION_FORMAT = dwarf;
				ENABLE_STRICT_OBJC_MSGSEND = YES;
				ENABLE_TESTABILITY = YES;
				GCC_C_LANGUAGE_STANDARD = gnu99;
				GCC_DYNAMIC_NO_PIC = NO;
				GCC_NO_COMMON_BLOCKS = YES;
				GCC_OPTIMIZATION_LEVEL = 0;
				GCC_PREPROCESSOR_DEFINITIONS = (
					"DEBUG=1",
					"$(inherited)",
				);
				GCC_WARN_64_TO_32_BIT_CONVERSION = YES;
				GCC_WARN_ABOUT_RETURN_TYPE = YES_ERROR;
				GCC_WARN_UNDECLARED_SELECTOR = YES;
				GCC_WARN_UNINITIALIZED_AUTOS = YES_AGGRESSIVE;
				GCC_WARN_UNUSED_FUNCTION = YES;
				GCC_WARN_UNUSED_VARIABLE = YES;
				IPHONEOS_DEPLOYMENT_TARGET = 9.2;
				MTL_ENABLE_DEBUG_INFO = YES;
				ONLY_ACTIVE_ARCH = YES;
				SDKROOT = iphoneos;
			};
			name = Debug;
		};
		C468AC791CACC3E700794324 /* Release */ = {
			isa = XCBuildConfiguration;
			buildSettings = {
				ALWAYS_SEARCH_USER_PATHS = NO;
				CLANG_CXX_LANGUAGE_STANDARD = "gnu++0x";
				CLANG_CXX_LIBRARY = "libc++";
				CLANG_ENABLE_MODULES = YES;
				CLANG_ENABLE_OBJC_ARC = YES;
				CLANG_WARN_BOOL_CONVERSION = YES;
				CLANG_WARN_CONSTANT_CONVERSION = YES;
				CLANG_WARN_DIRECT_OBJC_ISA_USAGE = YES_ERROR;
				CLANG_WARN_EMPTY_BODY = YES;
				CLANG_WARN_ENUM_CONVERSION = YES;
				CLANG_WARN_INT_CONVERSION = YES;
				CLANG_WARN_OBJC_ROOT_CLASS = YES_ERROR;
				CLANG_WARN_UNREACHABLE_CODE = YES;
				CLANG_WARN__DUPLICATE_METHOD_MATCH = YES;
				"CODE_SIGN_IDENTITY[sdk=iphoneos*]" = "iPhone Developer";
				COPY_PHASE_STRIP = NO;
				DEBUG_INFORMATION_FORMAT = "dwarf-with-dsym";
				ENABLE_NS_ASSERTIONS = NO;
				ENABLE_STRICT_OBJC_MSGSEND = YES;
				GCC_C_LANGUAGE_STANDARD = gnu99;
				GCC_NO_COMMON_BLOCKS = YES;
				GCC_WARN_64_TO_32_BIT_CONVERSION = YES;
				GCC_WARN_ABOUT_RETURN_TYPE = YES_ERROR;
				GCC_WARN_UNDECLARED_SELECTOR = YES;
				GCC_WARN_UNINITIALIZED_AUTOS = YES_AGGRESSIVE;
				GCC_WARN_UNUSED_FUNCTION = YES;
				GCC_WARN_UNUSED_VARIABLE = YES;
				IPHONEOS_DEPLOYMENT_TARGET = 9.2;
				MTL_ENABLE_DEBUG_INFO = NO;
				SDKROOT = iphoneos;
				VALIDATE_PRODUCT = YES;
			};
			name = Release;
		};
		C468AC7B1CACC3E700794324 /* Debug */ = {
			isa = XCBuildConfiguration;
			buildSettings = {
				ASSETCATALOG_COMPILER_APPICON_NAME = AppIcon;
				ASSETCATALOG_COMPILER_LAUNCHIMAGE_NAME = LaunchImage;
				INFOPLIST_FILE = WebBrowser/Info.plist;
				IPHONEOS_DEPLOYMENT_TARGET = 8.0;
				LD_RUNPATH_SEARCH_PATHS = "$(inherited) @executable_path/Frameworks";
				PRODUCT_BUNDLE_IDENTIFIER = com.pipile.WebBrowser;
				PRODUCT_NAME = "$(TARGET_NAME)";
				TARGETED_DEVICE_FAMILY = 1;
			};
			name = Debug;
		};
		C468AC7C1CACC3E700794324 /* Release */ = {
			isa = XCBuildConfiguration;
			buildSettings = {
				ASSETCATALOG_COMPILER_APPICON_NAME = AppIcon;
				ASSETCATALOG_COMPILER_LAUNCHIMAGE_NAME = LaunchImage;
				INFOPLIST_FILE = WebBrowser/Info.plist;
				IPHONEOS_DEPLOYMENT_TARGET = 8.0;
				LD_RUNPATH_SEARCH_PATHS = "$(inherited) @executable_path/Frameworks";
				PRODUCT_BUNDLE_IDENTIFIER = com.pipile.WebBrowser;
				PRODUCT_NAME = "$(TARGET_NAME)";
				TARGETED_DEVICE_FAMILY = 1;
			};
			name = Release;
		};
/* End XCBuildConfiguration section */

/* Begin XCConfigurationList section */
		C468AC5E1CACC3E700794324 /* Build configuration list for PBXProject "WebBrowser" */ = {
			isa = XCConfigurationList;
			buildConfigurations = (
				C468AC781CACC3E700794324 /* Debug */,
				C468AC791CACC3E700794324 /* Release */,
			);
			defaultConfigurationIsVisible = 0;
			defaultConfigurationName = Release;
		};
		C468AC7A1CACC3E700794324 /* Build configuration list for PBXNativeTarget "WebBrowser" */ = {
			isa = XCConfigurationList;
			buildConfigurations = (
				C468AC7B1CACC3E700794324 /* Debug */,
				C468AC7C1CACC3E700794324 /* Release */,
			);
			defaultConfigurationIsVisible = 0;
			defaultConfigurationName = Release;
		};
/* End XCConfigurationList section */
	};
	rootObject = C468AC5B1CACC3E700794324 /* Project object */;
}
